
Microsoft Visual Studio Solution File, Format Version 12.00
# Visual Studio Version 16
VisualStudioVersion = 16.0.29326.143
MinimumVisualStudioVersion = 10.0.40219.1
Project("{FAE04EC0-301F-11D3-BF4B-00C04F79EFBC}") = "execp", "execp\execp.csproj", "{ED9036B1-2F10-45E9-A90E-87D56CAFE3F3}"
EndProject
Global
	GlobalSection(SolutionConfigurationPlatforms) = preSolution
		Debug|Any CPU = Debug|Any CPU
		Release|Any CPU = Release|Any CPU
	EndGlobalSection
	GlobalSection(ProjectConfigurationPlatforms) = postSolution
		{ED9036B1-2F10-45E9-A90E-87D56CAFE3F3}.Debug|Any CPU.ActiveCfg = Debug|Any CPU
		{ED9036B1-2F10-45E9-A90E-87D56CAFE3F3}.Debug|Any CPU.Build.0 = Debug|Any CPU
		{ED9036B1-2F10-45E9-A90E-87D56CAFE3F3}.Release|Any CPU.ActiveCfg = Release|Any CPU
		{ED9036B1-2F10-45E9-A90E-87D56CAFE3F3}.Release|Any CPU.Build.0 = Release|Any CPU
	EndGlobalSection
	GlobalSection(SolutionProperties) = preSolution
		HideSolutionNode = FALSE
	EndGlobalSection
	GlobalSection(ExtensibilityGlobals) = postSolution
		SolutionGuid = {DCDF7868-0857-4632-B275-B752EA70E6F3}
	EndGlobalSection
EndGlobal
